PODS:
  - Alamofire (4.6.0)
  - BigInt (3.0.1):
    - SipHash (~> 1.2)
  - KeychainSwift (10.0.0)
  - MBProgressHUD (1.1.0)
  - OmiseGO (0.9.7)
  - SipHash (1.2.0)
  - SkyFloatingLabelTextField (3.4.0)
  - Toaster (2.1.1)
  - TPKeyboardAvoiding (1.3.2)

DEPENDENCIES:
  - Alamofire
  - BigInt
  - KeychainSwift
  - MBProgressHUD
  - OmiseGO
  - SkyFloatingLabelTextField
  - Toaster
  - TPKeyboardAvoiding

SPEC CHECKSUMS:
  Alamofire: f41a599bd63041760b26d393ec1069d9d7b917f4
  BigInt: 8e8a52161c745cd3ab78e3dc346a9fbee51e6cf6
  KeychainSwift: f9f7910449a0c0fd2cabc889121530dd2c477c33
  MBProgressHUD: e7baa36a220447d8aeb12769bf0585582f3866d9
  OmiseGO: 6698c16cad0bbd801259ccb177ff2e10c7671e98
  SipHash: c6e9e43e9c531b5bc6602545130c26194a6d31ce
  SkyFloatingLabelTextField: 703aa1420b697392b1e7dba25571180dde018477
  Toaster: a6c9532de1ded8105e77376f7dffeb2e12b46dbb
  TPKeyboardAvoiding: cb69d5ddbe90ce0170e4bc2db1e5e41d4a3ad9a4

PODFILE CHECKSUM: 7ec9cd0396d62425e5ab467c2c38a62a980d8251

COCOAPODS: 1.4.0
