// !$*UTF8*$!
{
	archiveVersion = 1;
	classes = {
	};
	objectVersion = 48;
	objects = {

/* Begin PBXBuildFile section */
		031BB11F1F9886790095468F /* AppDelegate.swift in Sources */ = {isa = PBXBuildFile; fileRef = 031BB11E1F9886790095468F /* AppDelegate.swift */; };
		031BB1341F9886790095468F /* OMGShopTests.swift in Sources */ = {isa = PBXBuildFile; fileRef = 031BB1331F9886790095468F /* OMGShopTests.swift */; };
		031BB13F1F9886790095468F /* OMGShopUITests.swift in Sources */ = {isa = PBXBuildFile; fileRef = 031BB13E1F9886790095468F /* OMGShopUITests.swift */; };
		031BB1571F988E750095468F /* LaunchScreen.storyboard in Resources */ = {isa = PBXBuildFile; fileRef = 031BB14E1F988E750095468F /* LaunchScreen.storyboard */; };
		031BB1581F988E750095468F /* Main.storyboard in Resources */ = {isa = PBXBuildFile; fileRef = 031BB1501F988E750095468F /* Main.storyboard */; };
		031BB1591F988E750095468F /* Assets.xcassets in Resources */ = {isa = PBXBuildFile; fileRef = 031BB1531F988E750095468F /* Assets.xcassets */; };
		031BB15B1F988E8B0095468F /* BaseViewController.swift in Sources */ = {isa = PBXBuildFile; fileRef = 031BB15A1F988E8B0095468F /* BaseViewController.swift */; };
		031BB15D1F988E930095468F /* BaseViewModel.swift in Sources */ = {isa = PBXBuildFile; fileRef = 031BB15C1F988E930095468F /* BaseViewModel.swift */; };
		031BB1631F9890360095468F /* Login.storyboard in Resources */ = {isa = PBXBuildFile; fileRef = 031BB1611F9890360095468F /* Login.storyboard */; };
		031BB1651F9890770095468F /* LoginViewController.swift in Sources */ = {isa = PBXBuildFile; fileRef = 031BB1641F9890770095468F /* LoginViewController.swift */; };
		031BB1671F9890A20095468F /* LoginViewModel.swift in Sources */ = {isa = PBXBuildFile; fileRef = 031BB1661F9890A20095468F /* LoginViewModel.swift */; };
		031BB1691F98AE600095468F /* Register.storyboard in Resources */ = {isa = PBXBuildFile; fileRef = 031BB1681F98AE600095468F /* Register.storyboard */; };
		031BB16B1F98AF0C0095468F /* RegisterViewController.swift in Sources */ = {isa = PBXBuildFile; fileRef = 031BB16A1F98AF0C0095468F /* RegisterViewController.swift */; };
		031BB16D1F98AF250095468F /* RegisterViewModel.swift in Sources */ = {isa = PBXBuildFile; fileRef = 031BB16C1F98AF250095468F /* RegisterViewModel.swift */; };
		031BB16F1F99948A0095468F /* Theme.swift in Sources */ = {isa = PBXBuildFile; fileRef = 031BB16E1F99948A0095468F /* Theme.swift */; };
		031BB1721F9995360095468F /* Extension.swift in Sources */ = {isa = PBXBuildFile; fileRef = 031BB1711F9995360095468F /* Extension.swift */; };
		031BB1741F9998EB0095468F /* OMGShopManager.swift in Sources */ = {isa = PBXBuildFile; fileRef = 031BB1731F9998EB0095468F /* OMGShopManager.swift */; };
		031BB1761F999FED0095468F /* CustomView.swift in Sources */ = {isa = PBXBuildFile; fileRef = 031BB1751F999FED0095468F /* CustomView.swift */; };
		03BD53E21F99B77F00A26499 /* Localizable.strings in Resources */ = {isa = PBXBuildFile; fileRef = 03BD53E41F99B77F00A26499 /* Localizable.strings */; };
		03BD53EA1F99D97B00A26499 /* OMGError.swift in Sources */ = {isa = PBXBuildFile; fileRef = 03BD53E91F99D97B00A26499 /* OMGError.swift */; };
		0DB46E866BB859B6A05B52FA /* Pods_OMGShop.framework in Frameworks */ = {isa = PBXBuildFile; fileRef = 002FD0CE2D3E2259C1BF5969 /* Pods_OMGShop.framework */; };
		3ED9A449EF88414AE7A86E3D /* Pods_OMGShopUITests.framework in Frameworks */ = {isa = PBXBuildFile; fileRef = D3B48C40806609F21E392F9A /* Pods_OMGShopUITests.framework */; };
		4C9F7647E9DBA5A17E37CD14 /* Pods_OMGShopTests.framework in Frameworks */ = {isa = PBXBuildFile; fileRef = F4CCE631F9619BEB64165E1A /* Pods_OMGShopTests.framework */; };
/* End PBXBuildFile section */

/* Begin PBXContainerItemProxy section */
		031BB1301F9886790095468F /* PBXContainerItemProxy */ = {
			isa = PBXContainerItemProxy;
			containerPortal = 031BB1131F9886780095468F /* Project object */;
			proxyType = 1;
			remoteGlobalIDString = 031BB11A1F9886790095468F;
			remoteInfo = OMGShop;
		};
		031BB13B1F9886790095468F /* PBXContainerItemProxy */ = {
			isa = PBXContainerItemProxy;
			containerPortal = 031BB1131F9886780095468F /* Project object */;
			proxyType = 1;
			remoteGlobalIDString = 031BB11A1F9886790095468F;
			remoteInfo = OMGShop;
		};
/* End PBXContainerItemProxy section */

/* Begin PBXFileReference section */
		002FD0CE2D3E2259C1BF5969 /* Pods_OMGShop.framework */ = {isa = PBXFileReference; explicitFileType = wrapper.framework; includeInIndex = 0; path = Pods_OMGShop.framework; sourceTree = BUILT_PRODUCTS_DIR; };
		031BB11B1F9886790095468F /* OMGShop.app */ = {isa = PBXFileReference; explicitFileType = wrapper.application; includeInIndex = 0; path = OMGShop.app; sourceTree = BUILT_PRODUCTS_DIR; };
		031BB11E1F9886790095468F /* AppDelegate.swift */ = {isa = PBXFileReference; lastKnownFileType = sourcecode.swift; path = AppDelegate.swift; sourceTree = "<group>"; };
		031BB12A1F9886790095468F /* Info.plist */ = {isa = PBXFileReference; lastKnownFileType = text.plist.xml; path = Info.plist; sourceTree = "<group>"; };
		031BB12F1F9886790095468F /* OMGShopTests.xctest */ = {isa = PBXFileReference; explicitFileType = wrapper.cfbundle; includeInIndex = 0; path = OMGShopTests.xctest; sourceTree = BUILT_PRODUCTS_DIR; };
		031BB1331F9886790095468F /* OMGShopTests.swift */ = {isa = PBXFileReference; lastKnownFileType = sourcecode.swift; path = OMGShopTests.swift; sourceTree = "<group>"; };
		031BB1351F9886790095468F /* Info.plist */ = {isa = PBXFileReference; lastKnownFileType = text.plist.xml; path = Info.plist; sourceTree = "<group>"; };
		031BB13A1F9886790095468F /* OMGShopUITests.xctest */ = {isa = PBXFileReference; explicitFileType = wrapper.cfbundle; includeInIndex = 0; path = OMGShopUITests.xctest; sourceTree = BUILT_PRODUCTS_DIR; };
		031BB13E1F9886790095468F /* OMGShopUITests.swift */ = {isa = PBXFileReference; lastKnownFileType = sourcecode.swift; path = OMGShopUITests.swift; sourceTree = "<group>"; };
		031BB1401F9886790095468F /* Info.plist */ = {isa = PBXFileReference; lastKnownFileType = text.plist.xml; path = Info.plist; sourceTree = "<group>"; };
		031BB14F1F988E750095468F /* Base */ = {isa = PBXFileReference; lastKnownFileType = file.storyboard; name = Base; path = Base.lproj/LaunchScreen.storyboard; sourceTree = "<group>"; };
		031BB1511F988E750095468F /* Base */ = {isa = PBXFileReference; lastKnownFileType = file.storyboard; name = Base; path = Base.lproj/Main.storyboard; sourceTree = "<group>"; };
		031BB1531F988E750095468F /* Assets.xcassets */ = {isa = PBXFileReference; lastKnownFileType = folder.assetcatalog; path = Assets.xcassets; sourceTree = "<group>"; };
		031BB15A1F988E8B0095468F /* BaseViewController.swift */ = {isa = PBXFileReference; lastKnownFileType = sourcecode.swift; path = BaseViewController.swift; sourceTree = "<group>"; };
		031BB15C1F988E930095468F /* BaseViewModel.swift */ = {isa = PBXFileReference; lastKnownFileType = sourcecode.swift; path = BaseViewModel.swift; sourceTree = "<group>"; };
		031BB1621F9890360095468F /* Base */ = {isa = PBXFileReference; lastKnownFileType = file.storyboard; name = Base; path = Base.lproj/Login.storyboard; sourceTree = "<group>"; };
		031BB1641F9890770095468F /* LoginViewController.swift */ = {isa = PBXFileReference; lastKnownFileType = sourcecode.swift; path = LoginViewController.swift; sourceTree = "<group>"; };
		031BB1661F9890A20095468F /* LoginViewModel.swift */ = {isa = PBXFileReference; lastKnownFileType = sourcecode.swift; path = LoginViewModel.swift; sourceTree = "<group>"; };
		031BB1681F98AE600095468F /* Register.storyboard */ = {isa = PBXFileReference; lastKnownFileType = file.storyboard; path = Register.storyboard; sourceTree = "<group>"; };
		031BB16A1F98AF0C0095468F /* RegisterViewController.swift */ = {isa = PBXFileReference; lastKnownFileType = sourcecode.swift; path = RegisterViewController.swift; sourceTree = "<group>"; };
		031BB16C1F98AF250095468F /* RegisterViewModel.swift */ = {isa = PBXFileReference; lastKnownFileType = sourcecode.swift; path = RegisterViewModel.swift; sourceTree = "<group>"; };
		031BB16E1F99948A0095468F /* Theme.swift */ = {isa = PBXFileReference; lastKnownFileType = sourcecode.swift; path = Theme.swift; sourceTree = "<group>"; };
		031BB1711F9995360095468F /* Extension.swift */ = {isa = PBXFileReference; lastKnownFileType = sourcecode.swift; path = Extension.swift; sourceTree = "<group>"; };
		031BB1731F9998EB0095468F /* OMGShopManager.swift */ = {isa = PBXFileReference; lastKnownFileType = sourcecode.swift; path = OMGShopManager.swift; sourceTree = "<group>"; };
		031BB1751F999FED0095468F /* CustomView.swift */ = {isa = PBXFileReference; lastKnownFileType = sourcecode.swift; path = CustomView.swift; sourceTree = "<group>"; };
		03BD53E71F99B8FF00A26499 /* Base */ = {isa = PBXFileReference; lastKnownFileType = text.plist.strings; name = Base; path = Base.lproj/Localizable.strings; sourceTree = "<group>"; };
		03BD53E91F99D97B00A26499 /* OMGError.swift */ = {isa = PBXFileReference; lastKnownFileType = sourcecode.swift; path = OMGError.swift; sourceTree = "<group>"; };
		172BC87327E95C968E7BAE4D /* Pods-OMGShop.release.xcconfig */ = {isa = PBXFileReference; includeInIndex = 1; lastKnownFileType = text.xcconfig; name = "Pods-OMGShop.release.xcconfig"; path = "Pods/Target Support Files/Pods-OMGShop/Pods-OMGShop.release.xcconfig"; sourceTree = "<group>"; };
		29E669345BD1D2973F29F1A1 /* Pods-OMGShopTests.debug.xcconfig */ = {isa = PBXFileReference; includeInIndex = 1; lastKnownFileType = text.xcconfig; name = "Pods-OMGShopTests.debug.xcconfig"; path = "Pods/Target Support Files/Pods-OMGShopTests/Pods-OMGShopTests.debug.xcconfig"; sourceTree = "<group>"; };
		A37D1380E180BBB8DCA459E0 /* Pods-OMGShopTests.release.xcconfig */ = {isa = PBXFileReference; includeInIndex = 1; lastKnownFileType = text.xcconfig; name = "Pods-OMGShopTests.release.xcconfig"; path = "Pods/Target Support Files/Pods-OMGShopTests/Pods-OMGShopTests.release.xcconfig"; sourceTree = "<group>"; };
		A6AFBBF013772C360933222F /* Pods-OMGShopUITests.debug.xcconfig */ = {isa = PBXFileReference; includeInIndex = 1; lastKnownFileType = text.xcconfig; name = "Pods-OMGShopUITests.debug.xcconfig"; path = "Pods/Target Support Files/Pods-OMGShopUITests/Pods-OMGShopUITests.debug.xcconfig"; sourceTree = "<group>"; };
		BD99480BA39EA23C6F7625FC /* Pods-OMGShop.debug.xcconfig */ = {isa = PBXFileReference; includeInIndex = 1; lastKnownFileType = text.xcconfig; name = "Pods-OMGShop.debug.xcconfig"; path = "Pods/Target Support Files/Pods-OMGShop/Pods-OMGShop.debug.xcconfig"; sourceTree = "<group>"; };
		D3B48C40806609F21E392F9A /* Pods_OMGShopUITests.framework */ = {isa = PBXFileReference; explicitFileType = wrapper.framework; includeInIndex = 0; path = Pods_OMGShopUITests.framework; sourceTree = BUILT_PRODUCTS_DIR; };
		E3A0DC706CA91D2513CEC8A2 /* Pods-OMGShopUITests.release.xcconfig */ = {isa = PBXFileReference; includeInIndex = 1; lastKnownFileType = text.xcconfig; name = "Pods-OMGShopUITests.release.xcconfig"; path = "Pods/Target Support Files/Pods-OMGShopUITests/Pods-OMGShopUITests.release.xcconfig"; sourceTree = "<group>"; };
		F4CCE631F9619BEB64165E1A /* Pods_OMGShopTests.framework */ = {isa = PBXFileReference; explicitFileType = wrapper.framework; includeInIndex = 0; path = Pods_OMGShopTests.framework; sourceTree = BUILT_PRODUCTS_DIR; };
/* End PBXFileReference section */

/* Begin PBXFrameworksBuildPhase section */
		031BB1181F9886790095468F /* Frameworks */ = {
			isa = PBXFrameworksBuildPhase;
			buildActionMask = 2147483647;
			files = (
				0DB46E866BB859B6A05B52FA /* Pods_OMGShop.framework in Frameworks */,
			);
			runOnlyForDeploymentPostprocessing = 0;
		};
		031BB12C1F9886790095468F /* Frameworks */ = {
			isa = PBXFrameworksBuildPhase;
			buildActionMask = 2147483647;
			files = (
				4C9F7647E9DBA5A17E37CD14 /* Pods_OMGShopTests.framework in Frameworks */,
			);
			runOnlyForDeploymentPostprocessing = 0;
		};
		031BB1371F9886790095468F /* Frameworks */ = {
			isa = PBXFrameworksBuildPhase;
			buildActionMask = 2147483647;
			files = (
				3ED9A449EF88414AE7A86E3D /* Pods_OMGShopUITests.framework in Frameworks */,
			);
			runOnlyForDeploymentPostprocessing = 0;
		};
/* End PBXFrameworksBuildPhase section */

/* Begin PBXGroup section */
		031BB1121F9886780095468F = {
			isa = PBXGroup;
			children = (
				031BB11D1F9886790095468F /* OMGShop */,
				031BB1321F9886790095468F /* OMGShopTests */,
				031BB13D1F9886790095468F /* OMGShopUITests */,
				031BB11C1F9886790095468F /* Products */,
				76ECF0DE93FD8C1066016B0B /* Pods */,
				0D84E417D653AC9EE1D708AC /* Frameworks */,
			);
			sourceTree = "<group>";
		};
		031BB11C1F9886790095468F /* Products */ = {
			isa = PBXGroup;
			children = (
				031BB11B1F9886790095468F /* OMGShop.app */,
				031BB12F1F9886790095468F /* OMGShopTests.xctest */,
				031BB13A1F9886790095468F /* OMGShopUITests.xctest */,
			);
			name = Products;
			sourceTree = "<group>";
		};
		031BB11D1F9886790095468F /* OMGShop */ = {
			isa = PBXGroup;
			children = (
				03BD53E41F99B77F00A26499 /* Localizable.strings */,
				031BB11E1F9886790095468F /* AppDelegate.swift */,
				031BB12A1F9886790095468F /* Info.plist */,
				031BB1701F99952E0095468F /* Helpers */,
				031BB1521F988E750095468F /* Assets */,
				031BB14C1F988E750095468F /* Managers */,
				03BD53E81F99D93600A26499 /* Models */,
				031BB14D1F988E750095468F /* Storyboards */,
				031BB1541F988E750095468F /* ViewControllers */,
				031BB1551F988E750095468F /* ViewModels */,
				031BB1561F988E750095468F /* Views */,
			);
			path = OMGShop;
			sourceTree = "<group>";
		};
		031BB1321F9886790095468F /* OMGShopTests */ = {
			isa = PBXGroup;
			children = (
				031BB1331F9886790095468F /* OMGShopTests.swift */,
				031BB1351F9886790095468F /* Info.plist */,
			);
			path = OMGShopTests;
			sourceTree = "<group>";
		};
		031BB13D1F9886790095468F /* OMGShopUITests */ = {
			isa = PBXGroup;
			children = (
				031BB13E1F9886790095468F /* OMGShopUITests.swift */,
				031BB1401F9886790095468F /* Info.plist */,
			);
			path = OMGShopUITests;
			sourceTree = "<group>";
		};
		031BB14C1F988E750095468F /* Managers */ = {
			isa = PBXGroup;
			children = (
				031BB16E1F99948A0095468F /* Theme.swift */,
				031BB1731F9998EB0095468F /* OMGShopManager.swift */,
			);
			path = Managers;
			sourceTree = "<group>";
		};
		031BB14D1F988E750095468F /* Storyboards */ = {
			isa = PBXGroup;
			children = (
				031BB14E1F988E750095468F /* LaunchScreen.storyboard */,
				031BB1501F988E750095468F /* Main.storyboard */,
				031BB1611F9890360095468F /* Login.storyboard */,
				031BB1681F98AE600095468F /* Register.storyboard */,
			);
			path = Storyboards;
			sourceTree = "<group>";
		};
		031BB1521F988E750095468F /* Assets */ = {
			isa = PBXGroup;
			children = (
				031BB1531F988E750095468F /* Assets.xcassets */,
			);
			path = Assets;
			sourceTree = "<group>";
		};
		031BB1541F988E750095468F /* ViewControllers */ = {
			isa = PBXGroup;
			children = (
				031BB15A1F988E8B0095468F /* BaseViewController.swift */,
				031BB1641F9890770095468F /* LoginViewController.swift */,
				031BB16A1F98AF0C0095468F /* RegisterViewController.swift */,
			);
			path = ViewControllers;
			sourceTree = "<group>";
		};
		031BB1551F988E750095468F /* ViewModels */ = {
			isa = PBXGroup;
			children = (
				031BB15C1F988E930095468F /* BaseViewModel.swift */,
				031BB1661F9890A20095468F /* LoginViewModel.swift */,
				031BB16C1F98AF250095468F /* RegisterViewModel.swift */,
			);
			path = ViewModels;
			sourceTree = "<group>";
		};
		031BB1561F988E750095468F /* Views */ = {
			isa = PBXGroup;
			children = (
			);
			path = Views;
			sourceTree = "<group>";
		};
		031BB1701F99952E0095468F /* Helpers */ = {
			isa = PBXGroup;
			children = (
				031BB1711F9995360095468F /* Extension.swift */,
				031BB1751F999FED0095468F /* CustomView.swift */,
			);
			path = Helpers;
			sourceTree = "<group>";
		};
		03BD53E81F99D93600A26499 /* Models */ = {
			isa = PBXGroup;
			children = (
				03BD53E91F99D97B00A26499 /* OMGError.swift */,
			);
			name = Models;
			path = OMGShop/Models;
			sourceTree = SOURCE_ROOT;
		};
		0D84E417D653AC9EE1D708AC /* Frameworks */ = {
			isa = PBXGroup;
			children = (
				002FD0CE2D3E2259C1BF5969 /* Pods_OMGShop.framework */,
				F4CCE631F9619BEB64165E1A /* Pods_OMGShopTests.framework */,
				D3B48C40806609F21E392F9A /* Pods_OMGShopUITests.framework */,
			);
			name = Frameworks;
			sourceTree = "<group>";
		};
		76ECF0DE93FD8C1066016B0B /* Pods */ = {
			isa = PBXGroup;
			children = (
				BD99480BA39EA23C6F7625FC /* Pods-OMGShop.debug.xcconfig */,
				172BC87327E95C968E7BAE4D /* Pods-OMGShop.release.xcconfig */,
				29E669345BD1D2973F29F1A1 /* Pods-OMGShopTests.debug.xcconfig */,
				A37D1380E180BBB8DCA459E0 /* Pods-OMGShopTests.release.xcconfig */,
				A6AFBBF013772C360933222F /* Pods-OMGShopUITests.debug.xcconfig */,
				E3A0DC706CA91D2513CEC8A2 /* Pods-OMGShopUITests.release.xcconfig */,
			);
			name = Pods;
			sourceTree = "<group>";
		};
/* End PBXGroup section */

/* Begin PBXNativeTarget section */
		031BB11A1F9886790095468F /* OMGShop */ = {
			isa = PBXNativeTarget;
			buildConfigurationList = 031BB1431F9886790095468F /* Build configuration list for PBXNativeTarget "OMGShop" */;
			buildPhases = (
				E95EFD1C40035230DE0298A5 /* [CP] Check Pods Manifest.lock */,
				031BB1171F9886790095468F /* Sources */,
				031BB1181F9886790095468F /* Frameworks */,
				031BB1191F9886790095468F /* Resources */,
				031BB1601F9890170095468F /* ShellScript */,
				3C3818C7CB1033C55BB1031D /* [CP] Embed Pods Frameworks */,
				52EC21EA1FD9FC7F758C5DEF /* [CP] Copy Pods Resources */,
			);
			buildRules = (
			);
			dependencies = (
			);
			name = OMGShop;
			productName = OMGShop;
			productReference = 031BB11B1F9886790095468F /* OMGShop.app */;
			productType = "com.apple.product-type.application";
		};
		031BB12E1F9886790095468F /* OMGShopTests */ = {
			isa = PBXNativeTarget;
			buildConfigurationList = 031BB1461F9886790095468F /* Build configuration list for PBXNativeTarget "OMGShopTests" */;
			buildPhases = (
				2CAA7D3EB5FFC40D2E27AC68 /* [CP] Check Pods Manifest.lock */,
				031BB12B1F9886790095468F /* Sources */,
				031BB12C1F9886790095468F /* Frameworks */,
				031BB12D1F9886790095468F /* Resources */,
				41D2AD0DCB2F2CF5A7BF40DF /* [CP] Embed Pods Frameworks */,
				DF187C5B083CD55DF25BBCB6 /* [CP] Copy Pods Resources */,
			);
			buildRules = (
			);
			dependencies = (
				031BB1311F9886790095468F /* PBXTargetDependency */,
			);
			name = OMGShopTests;
			productName = OMGShopTests;
			productReference = 031BB12F1F9886790095468F /* OMGShopTests.xctest */;
			productType = "com.apple.product-type.bundle.unit-test";
		};
		031BB1391F9886790095468F /* OMGShopUITests */ = {
			isa = PBXNativeTarget;
			buildConfigurationList = 031BB1491F9886790095468F /* Build configuration list for PBXNativeTarget "OMGShopUITests" */;
			buildPhases = (
				77326F5702D8D2F39EE14374 /* [CP] Check Pods Manifest.lock */,
				031BB1361F9886790095468F /* Sources */,
				031BB1371F9886790095468F /* Frameworks */,
				031BB1381F9886790095468F /* Resources */,
				280666DCFC8012DDD5ABFCD5 /* [CP] Embed Pods Frameworks */,
				53B9CB6D11B90BA345E6B173 /* [CP] Copy Pods Resources */,
			);
			buildRules = (
			);
			dependencies = (
				031BB13C1F9886790095468F /* PBXTargetDependency */,
			);
			name = OMGShopUITests;
			productName = OMGShopUITests;
			productReference = 031BB13A1F9886790095468F /* OMGShopUITests.xctest */;
			productType = "com.apple.product-type.bundle.ui-testing";
		};
/* End PBXNativeTarget section */

/* Begin PBXProject section */
		031BB1131F9886780095468F /* Project object */ = {
			isa = PBXProject;
			attributes = {
				LastSwiftUpdateCheck = 0900;
				LastUpgradeCheck = 0900;
				ORGANIZATIONNAME = "Mederic Petit";
				TargetAttributes = {
					031BB11A1F9886790095468F = {
						CreatedOnToolsVersion = 9.0.1;
						ProvisioningStyle = Automatic;
					};
					031BB12E1F9886790095468F = {
						CreatedOnToolsVersion = 9.0.1;
						ProvisioningStyle = Automatic;
						TestTargetID = 031BB11A1F9886790095468F;
					};
					031BB1391F9886790095468F = {
						CreatedOnToolsVersion = 9.0.1;
						ProvisioningStyle = Automatic;
						TestTargetID = 031BB11A1F9886790095468F;
					};
				};
			};
			buildConfigurationList = 031BB1161F9886780095468F /* Build configuration list for PBXProject "OMGShop" */;
			compatibilityVersion = "Xcode 8.0";
			developmentRegion = en;
			hasScannedForEncodings = 0;
			knownRegions = (
				en,
				Base,
			);
			mainGroup = 031BB1121F9886780095468F;
			productRefGroup = 031BB11C1F9886790095468F /* Products */;
			projectDirPath = "";
			projectRoot = "";
			targets = (
				031BB11A1F9886790095468F /* OMGShop */,
				031BB12E1F9886790095468F /* OMGShopTests */,
				031BB1391F9886790095468F /* OMGShopUITests */,
			);
		};
/* End PBXProject section */

/* Begin PBXResourcesBuildPhase section */
		031BB1191F9886790095468F /* Resources */ = {
			isa = PBXResourcesBuildPhase;
			buildActionMask = 2147483647;
			files = (
				031BB1631F9890360095468F /* Login.storyboard in Resources */,
				03BD53E21F99B77F00A26499 /* Localizable.strings in Resources */,
				031BB1571F988E750095468F /* LaunchScreen.storyboard in Resources */,
				031BB1591F988E750095468F /* Assets.xcassets in Resources */,
				031BB1581F988E750095468F /* Main.storyboard in Resources */,
				031BB1691F98AE600095468F /* Register.storyboard in Resources */,
			);
			runOnlyForDeploymentPostprocessing = 0;
		};
		031BB12D1F9886790095468F /* Resources */ = {
			isa = PBXResourcesBuildPhase;
			buildActionMask = 2147483647;
			files = (
			);
			runOnlyForDeploymentPostprocessing = 0;
		};
		031BB1381F9886790095468F /* Resources */ = {
			isa = PBXResourcesBuildPhase;
			buildActionMask = 2147483647;
			files = (
			);
			runOnlyForDeploymentPostprocessing = 0;
		};
/* End PBXResourcesBuildPhase section */

/* Begin PBXShellScriptBuildPhase section */
		031BB1601F9890170095468F /* ShellScript */ = {
			isa = PBXShellScriptBuildPhase;
			buildActionMask = 2147483647;
			files = (
			);
			inputPaths = (
			);
			outputPaths = (
			);
			runOnlyForDeploymentPostprocessing = 0;
			shellPath = /bin/sh;
			shellScript = "if which swiftlint >/dev/null; then\n    swiftlint\nelse\n    echo \"warning: SwiftLint not installed, download from https://github.com/realm/SwiftLint\"\nfi";
		};
		280666DCFC8012DDD5ABFCD5 /* [CP] Embed Pods Frameworks */ = {
			isa = PBXShellScriptBuildPhase;
			buildActionMask = 2147483647;
			files = (
			);
			inputPaths = (
			);
			name = "[CP] Embed Pods Frameworks";
			outputPaths = (
			);
			runOnlyForDeploymentPostprocessing = 0;
			shellPath = /bin/sh;
			shellScript = "\"${SRCROOT}/Pods/Target Support Files/Pods-OMGShopUITests/Pods-OMGShopUITests-frameworks.sh\"\n";
			showEnvVarsInLog = 0;
		};
		2CAA7D3EB5FFC40D2E27AC68 /* [CP] Check Pods Manifest.lock */ = {
			isa = PBXShellScriptBuildPhase;
			buildActionMask = 2147483647;
			files = (
			);
			inputPaths = (
				"${PODS_PODFILE_DIR_PATH}/Podfile.lock",
				"${PODS_ROOT}/Manifest.lock",
			);
			name = "[CP] Check Pods Manifest.lock";
			outputPaths = (
				"$(DERIVED_FILE_DIR)/Pods-OMGShopTests-checkManifestLockResult.txt",
			);
			runOnlyForDeploymentPostprocessing = 0;
			shellPath = /bin/sh;
			shellScript = "diff \"${PODS_PODFILE_DIR_PATH}/Podfile.lock\" \"${PODS_ROOT}/Manifest.lock\" > /dev/null\nif [ $? != 0 ] ; then\n    # print error to STDERR\n    echo \"error: The sandbox is not in sync with the Podfile.lock. Run 'pod install' or update your CocoaPods installation.\" >&2\n    exit 1\nfi\n# This output is used by Xcode 'outputs' to avoid re-running this script phase.\necho \"SUCCESS\" > \"${SCRIPT_OUTPUT_FILE_0}\"\n";
			showEnvVarsInLog = 0;
		};
		3C3818C7CB1033C55BB1031D /* [CP] Embed Pods Frameworks */ = {
			isa = PBXShellScriptBuildPhase;
			buildActionMask = 2147483647;
			files = (
			);
			inputPaths = (
				"${SRCROOT}/Pods/Target Support Files/Pods-OMGShop/Pods-OMGShop-frameworks.sh",
				"${BUILT_PRODUCTS_DIR}/MBProgressHUD/MBProgressHUD.framework",
				"${BUILT_PRODUCTS_DIR}/SkyFloatingLabelTextField/SkyFloatingLabelTextField.framework",
				"${BUILT_PRODUCTS_DIR}/TPKeyboardAvoiding/TPKeyboardAvoiding.framework",
				"${BUILT_PRODUCTS_DIR}/Toaster/Toaster.framework",
			);
			name = "[CP] Embed Pods Frameworks";
			outputPaths = (
				"${TARGET_BUILD_DIR}/${FRAMEWORKS_FOLDER_PATH}/MBProgressHUD.framework",
				"${TARGET_BUILD_DIR}/${FRAMEWORKS_FOLDER_PATH}/SkyFloatingLabelTextField.framework",
				"${TARGET_BUILD_DIR}/${FRAMEWORKS_FOLDER_PATH}/TPKeyboardAvoiding.framework",
				"${TARGET_BUILD_DIR}/${FRAMEWORKS_FOLDER_PATH}/Toaster.framework",
			);
			runOnlyForDeploymentPostprocessing = 0;
			shellPath = /bin/sh;
			shellScript = "\"${SRCROOT}/Pods/Target Support Files/Pods-OMGShop/Pods-OMGShop-frameworks.sh\"\n";
			showEnvVarsInLog = 0;
		};
		41D2AD0DCB2F2CF5A7BF40DF /* [CP] Embed Pods Frameworks */ = {
			isa = PBXShellScriptBuildPhase;
			buildActionMask = 2147483647;
			files = (
			);
			inputPaths = (
			);
			name = "[CP] Embed Pods Frameworks";
			outputPaths = (
			);
			runOnlyForDeploymentPostprocessing = 0;
			shellPath = /bin/sh;
			shellScript = "\"${SRCROOT}/Pods/Target Support Files/Pods-OMGShopTests/Pods-OMGShopTests-frameworks.sh\"\n";
			showEnvVarsInLog = 0;
		};
		52EC21EA1FD9FC7F758C5DEF /* [CP] Copy Pods Resources */ = {
			isa = PBXShellScriptBuildPhase;
			buildActionMask = 2147483647;
			files = (
			);
			inputPaths = (
			);
			name = "[CP] Copy Pods Resources";
			outputPaths = (
			);
			runOnlyForDeploymentPostprocessing = 0;
			shellPath = /bin/sh;
			shellScript = "\"${SRCROOT}/Pods/Target Support Files/Pods-OMGShop/Pods-OMGShop-resources.sh\"\n";
			showEnvVarsInLog = 0;
		};
		53B9CB6D11B90BA345E6B173 /* [CP] Copy Pods Resources */ = {
			isa = PBXShellScriptBuildPhase;
			buildActionMask = 2147483647;
			files = (
			);
			inputPaths = (
			);
			name = "[CP] Copy Pods Resources";
			outputPaths = (
			);
			runOnlyForDeploymentPostprocessing = 0;
			shellPath = /bin/sh;
			shellScript = "\"${SRCROOT}/Pods/Target Support Files/Pods-OMGShopUITests/Pods-OMGShopUITests-resources.sh\"\n";
			showEnvVarsInLog = 0;
		};
		77326F5702D8D2F39EE14374 /* [CP] Check Pods Manifest.lock */ = {
			isa = PBXShellScriptBuildPhase;
			buildActionMask = 2147483647;
			files = (
			);
			inputPaths = (
				"${PODS_PODFILE_DIR_PATH}/Podfile.lock",
				"${PODS_ROOT}/Manifest.lock",
			);
			name = "[CP] Check Pods Manifest.lock";
			outputPaths = (
				"$(DERIVED_FILE_DIR)/Pods-OMGShopUITests-checkManifestLockResult.txt",
			);
			runOnlyForDeploymentPostprocessing = 0;
			shellPath = /bin/sh;
			shellScript = "diff \"${PODS_PODFILE_DIR_PATH}/Podfile.lock\" \"${PODS_ROOT}/Manifest.lock\" > /dev/null\nif [ $? != 0 ] ; then\n    # print error to STDERR\n    echo \"error: The sandbox is not in sync with the Podfile.lock. Run 'pod install' or update your CocoaPods installation.\" >&2\n    exit 1\nfi\n# This output is used by Xcode 'outputs' to avoid re-running this script phase.\necho \"SUCCESS\" > \"${SCRIPT_OUTPUT_FILE_0}\"\n";
			showEnvVarsInLog = 0;
		};
		DF187C5B083CD55DF25BBCB6 /* [CP] Copy Pods Resources */ = {
			isa = PBXShellScriptBuildPhase;
			buildActionMask = 2147483647;
			files = (
			);
			inputPaths = (
			);
			name = "[CP] Copy Pods Resources";
			outputPaths = (
			);
			runOnlyForDeploymentPostprocessing = 0;
			shellPath = /bin/sh;
			shellScript = "\"${SRCROOT}/Pods/Target Support Files/Pods-OMGShopTests/Pods-OMGShopTests-resources.sh\"\n";
			showEnvVarsInLog = 0;
		};
		E95EFD1C40035230DE0298A5 /* [CP] Check Pods Manifest.lock */ = {
			isa = PBXShellScriptBuildPhase;
			buildActionMask = 2147483647;
			files = (
			);
			inputPaths = (
				"${PODS_PODFILE_DIR_PATH}/Podfile.lock",
				"${PODS_ROOT}/Manifest.lock",
			);
			name = "[CP] Check Pods Manifest.lock";
			outputPaths = (
				"$(DERIVED_FILE_DIR)/Pods-OMGShop-checkManifestLockResult.txt",
			);
			runOnlyForDeploymentPostprocessing = 0;
			shellPath = /bin/sh;
			shellScript = "diff \"${PODS_PODFILE_DIR_PATH}/Podfile.lock\" \"${PODS_ROOT}/Manifest.lock\" > /dev/null\nif [ $? != 0 ] ; then\n    # print error to STDERR\n    echo \"error: The sandbox is not in sync with the Podfile.lock. Run 'pod install' or update your CocoaPods installation.\" >&2\n    exit 1\nfi\n# This output is used by Xcode 'outputs' to avoid re-running this script phase.\necho \"SUCCESS\" > \"${SCRIPT_OUTPUT_FILE_0}\"\n";
			showEnvVarsInLog = 0;
		};
/* End PBXShellScriptBuildPhase section */

/* Begin PBXSourcesBuildPhase section */
		031BB1171F9886790095468F /* Sources */ = {
			isa = PBXSourcesBuildPhase;
			buildActionMask = 2147483647;
			files = (
				031BB1721F9995360095468F /* Extension.swift in Sources */,
				031BB1651F9890770095468F /* LoginViewController.swift in Sources */,
				031BB16F1F99948A0095468F /* Theme.swift in Sources */,
				031BB11F1F9886790095468F /* AppDelegate.swift in Sources */,
				031BB16D1F98AF250095468F /* RegisterViewModel.swift in Sources */,
				031BB15B1F988E8B0095468F /* BaseViewController.swift in Sources */,
				031BB1761F999FED0095468F /* CustomView.swift in Sources */,
				031BB16B1F98AF0C0095468F /* RegisterViewController.swift in Sources */,
				031BB1671F9890A20095468F /* LoginViewModel.swift in Sources */,
				031BB15D1F988E930095468F /* BaseViewModel.swift in Sources */,
				03BD53EA1F99D97B00A26499 /* OMGError.swift in Sources */,
				031BB1741F9998EB0095468F /* OMGShopManager.swift in Sources */,
			);
			runOnlyForDeploymentPostprocessing = 0;
		};
		031BB12B1F9886790095468F /* Sources */ = {
			isa = PBXSourcesBuildPhase;
			buildActionMask = 2147483647;
			files = (
				031BB1341F9886790095468F /* OMGShopTests.swift in Sources */,
			);
			runOnlyForDeploymentPostprocessing = 0;
		};
		031BB1361F9886790095468F /* Sources */ = {
			isa = PBXSourcesBuildPhase;
			buildActionMask = 2147483647;
			files = (
				031BB13F1F9886790095468F /* OMGShopUITests.swift in Sources */,
			);
			runOnlyForDeploymentPostprocessing = 0;
		};
/* End PBXSourcesBuildPhase section */

/* Begin PBXTargetDependency section */
		031BB1311F9886790095468F /* PBXTargetDependency */ = {
			isa = PBXTargetDependency;
			target = 031BB11A1F9886790095468F /* OMGShop */;
			targetProxy = 031BB1301F9886790095468F /* PBXContainerItemProxy */;
		};
		031BB13C1F9886790095468F /* PBXTargetDependency */ = {
			isa = PBXTargetDependency;
			target = 031BB11A1F9886790095468F /* OMGShop */;
			targetProxy = 031BB13B1F9886790095468F /* PBXContainerItemProxy */;
		};
/* End PBXTargetDependency section */

/* Begin PBXVariantGroup section */
		031BB14E1F988E750095468F /* LaunchScreen.storyboard */ = {
			isa = PBXVariantGroup;
			children = (
				031BB14F1F988E750095468F /* Base */,
			);
			name = LaunchScreen.storyboard;
			sourceTree = "<group>";
		};
		031BB1501F988E750095468F /* Main.storyboard */ = {
			isa = PBXVariantGroup;
			children = (
				031BB1511F988E750095468F /* Base */,
			);
			name = Main.storyboard;
			sourceTree = "<group>";
		};
		031BB1611F9890360095468F /* Login.storyboard */ = {
			isa = PBXVariantGroup;
			children = (
				031BB1621F9890360095468F /* Base */,
			);
			name = Login.storyboard;
			sourceTree = "<group>";
		};
		03BD53E41F99B77F00A26499 /* Localizable.strings */ = {
			isa = PBXVariantGroup;
			children = (
				03BD53E71F99B8FF00A26499 /* Base */,
			);
			name = Localizable.strings;
			sourceTree = "<group>";
		};
/* End PBXVariantGroup section */

/* Begin XCBuildConfiguration section */
		031BB1411F9886790095468F /* Debug */ = {
			isa = XCBuildConfiguration;
			buildSettings = {
				ALWAYS_SEARCH_USER_PATHS = NO;
				CLANG_ANALYZER_NONNULL = YES;
				CLANG_ANALYZER_NUMBER_OBJECT_CONVERSION = YES_AGGRESSIVE;
				CLANG_CXX_LANGUAGE_STANDARD = "gnu++14";
				CLANG_CXX_LIBRARY = "libc++";
				CLANG_ENABLE_MODULES = YES;
				CLANG_ENABLE_OBJC_ARC = YES;
				CLANG_WARN_BLOCK_CAPTURE_AUTORELEASING = YES;
				CLANG_WARN_BOOL_CONVERSION = YES;
				CLANG_WARN_COMMA = YES;
				CLANG_WARN_CONSTANT_CONVERSION = YES;
				CLANG_WARN_DIRECT_OBJC_ISA_USAGE = YES_ERROR;
				CLANG_WARN_DOCUMENTATION_COMMENTS = YES;
				CLANG_WARN_EMPTY_BODY = YES;
				CLANG_WARN_ENUM_CONVERSION = YES;
				CLANG_WARN_INFINITE_RECURSION = YES;
				CLANG_WARN_INT_CONVERSION = YES;
				CLANG_WARN_NON_LITERAL_NULL_CONVERSION = YES;
				CLANG_WARN_OBJC_LITERAL_CONVERSION = YES;
				CLANG_WARN_OBJC_ROOT_CLASS = YES_ERROR;
				CLANG_WARN_RANGE_LOOP_ANALYSIS = YES;
				CLANG_WARN_STRICT_PROTOTYPES = YES;
				CLANG_WARN_SUSPICIOUS_MOVE = YES;
				CLANG_WARN_UNGUARDED_AVAILABILITY = YES_AGGRESSIVE;
				CLANG_WARN_UNREACHABLE_CODE = YES;
				CLANG_WARN__DUPLICATE_METHOD_MATCH = YES;
				CODE_SIGN_IDENTITY = "iPhone Developer";
				COPY_PHASE_STRIP = NO;
				DEBUG_INFORMATION_FORMAT = dwarf;
				ENABLE_STRICT_OBJC_MSGSEND = YES;
				ENABLE_TESTABILITY = YES;
				GCC_C_LANGUAGE_STANDARD = gnu11;
				GCC_DYNAMIC_NO_PIC = NO;
				GCC_NO_COMMON_BLOCKS = YES;
				GCC_OPTIMIZATION_LEVEL = 0;
				GCC_PREPROCESSOR_DEFINITIONS = (
					"DEBUG=1",
					"$(inherited)",
				);
				GCC_WARN_64_TO_32_BIT_CONVERSION = YES;
				GCC_WARN_ABOUT_RETURN_TYPE = YES_ERROR;
				GCC_WARN_UNDECLARED_SELECTOR = YES;
				GCC_WARN_UNINITIALIZED_AUTOS = YES_AGGRESSIVE;
				GCC_WARN_UNUSED_FUNCTION = YES;
				GCC_WARN_UNUSED_VARIABLE = YES;
				IPHONEOS_DEPLOYMENT_TARGET = 11.0;
				MTL_ENABLE_DEBUG_INFO = YES;
				ONLY_ACTIVE_ARCH = YES;
				SDKROOT = iphoneos;
				SWIFT_ACTIVE_COMPILATION_CONDITIONS = DEBUG;
				SWIFT_OPTIMIZATION_LEVEL = "-Onone";
			};
			name = Debug;
		};
		031BB1421F9886790095468F /* Release */ = {
			isa = XCBuildConfiguration;
			buildSettings = {
				ALWAYS_SEARCH_USER_PATHS = NO;
				CLANG_ANALYZER_NONNULL = YES;
				CLANG_ANALYZER_NUMBER_OBJECT_CONVERSION = YES_AGGRESSIVE;
				CLANG_CXX_LANGUAGE_STANDARD = "gnu++14";
				CLANG_CXX_LIBRARY = "libc++";
				CLANG_ENABLE_MODULES = YES;
				CLANG_ENABLE_OBJC_ARC = YES;
				CLANG_WARN_BLOCK_CAPTURE_AUTORELEASING = YES;
				CLANG_WARN_BOOL_CONVERSION = YES;
				CLANG_WARN_COMMA = YES;
				CLANG_WARN_CONSTANT_CONVERSION = YES;
				CLANG_WARN_DIRECT_OBJC_ISA_USAGE = YES_ERROR;
				CLANG_WARN_DOCUMENTATION_COMMENTS = YES;
				CLANG_WARN_EMPTY_BODY = YES;
				CLANG_WARN_ENUM_CONVERSION = YES;
				CLANG_WARN_INFINITE_RECURSION = YES;
				CLANG_WARN_INT_CONVERSION = YES;
				CLANG_WARN_NON_LITERAL_NULL_CONVERSION = YES;
				CLANG_WARN_OBJC_LITERAL_CONVERSION = YES;
				CLANG_WARN_OBJC_ROOT_CLASS = YES_ERROR;
				CLANG_WARN_RANGE_LOOP_ANALYSIS = YES;
				CLANG_WARN_STRICT_PROTOTYPES = YES;
				CLANG_WARN_SUSPICIOUS_MOVE = YES;
				CLANG_WARN_UNGUARDED_AVAILABILITY = YES_AGGRESSIVE;
				CLANG_WARN_UNREACHABLE_CODE = YES;
				CLANG_WARN__DUPLICATE_METHOD_MATCH = YES;
				CODE_SIGN_IDENTITY = "iPhone Developer";
				COPY_PHASE_STRIP = NO;
				DEBUG_INFORMATION_FORMAT = "dwarf-with-dsym";
				ENABLE_NS_ASSERTIONS = NO;
				ENABLE_STRICT_OBJC_MSGSEND = YES;
				GCC_C_LANGUAGE_STANDARD = gnu11;
				GCC_NO_COMMON_BLOCKS = YES;
				GCC_WARN_64_TO_32_BIT_CONVERSION = YES;
				GCC_WARN_ABOUT_RETURN_TYPE = YES_ERROR;
				GCC_WARN_UNDECLARED_SELECTOR = YES;
				GCC_WARN_UNINITIALIZED_AUTOS = YES_AGGRESSIVE;
				GCC_WARN_UNUSED_FUNCTION = YES;
				GCC_WARN_UNUSED_VARIABLE = YES;
				IPHONEOS_DEPLOYMENT_TARGET = 11.0;
				MTL_ENABLE_DEBUG_INFO = NO;
				SDKROOT = iphoneos;
				SWIFT_OPTIMIZATION_LEVEL = "-Owholemodule";
				VALIDATE_PRODUCT = YES;
			};
			name = Release;
		};
		031BB1441F9886790095468F /* Debug */ = {
			isa = XCBuildConfiguration;
			baseConfigurationReference = BD99480BA39EA23C6F7625FC /* Pods-OMGShop.debug.xcconfig */;
			buildSettings = {
				ASSETCATALOG_COMPILER_APPICON_NAME = AppIcon;
				CODE_SIGN_STYLE = Automatic;
				DEVELOPMENT_TEAM = 8274NNDSD5;
				INFOPLIST_FILE = OMGShop/Info.plist;
				IPHONEOS_DEPLOYMENT_TARGET = 10.0;
				LD_RUNPATH_SEARCH_PATHS = "$(inherited) @executable_path/Frameworks";
				PRODUCT_BUNDLE_IDENTIFIER = com.omisego.OMGShop;
				PRODUCT_NAME = "$(TARGET_NAME)";
				SWIFT_VERSION = 4.0;
				TARGETED_DEVICE_FAMILY = 1;
			};
			name = Debug;
		};
		031BB1451F9886790095468F /* Release */ = {
			isa = XCBuildConfiguration;
			baseConfigurationReference = 172BC87327E95C968E7BAE4D /* Pods-OMGShop.release.xcconfig */;
			buildSettings = {
				ASSETCATALOG_COMPILER_APPICON_NAME = AppIcon;
				CODE_SIGN_STYLE = Automatic;
				DEVELOPMENT_TEAM = 8274NNDSD5;
				INFOPLIST_FILE = OMGShop/Info.plist;
				IPHONEOS_DEPLOYMENT_TARGET = 10.0;
				LD_RUNPATH_SEARCH_PATHS = "$(inherited) @executable_path/Frameworks";
				PRODUCT_BUNDLE_IDENTIFIER = com.omisego.OMGShop;
				PRODUCT_NAME = "$(TARGET_NAME)";
				SWIFT_VERSION = 4.0;
				TARGETED_DEVICE_FAMILY = 1;
			};
			name = Release;
		};
		031BB1471F9886790095468F /* Debug */ = {
			isa = XCBuildConfiguration;
			baseConfigurationReference = 29E669345BD1D2973F29F1A1 /* Pods-OMGShopTests.debug.xcconfig */;
			buildSettings = {
				ALWAYS_EMBED_SWIFT_STANDARD_LIBRARIES = YES;
				BUNDLE_LOADER = "$(TEST_HOST)";
				CODE_SIGN_STYLE = Automatic;
				DEVELOPMENT_TEAM = 8274NNDSD5;
				INFOPLIST_FILE = OMGShopTests/Info.plist;
				LD_RUNPATH_SEARCH_PATHS = "$(inherited) @executable_path/Frameworks @loader_path/Frameworks";
				PRODUCT_BUNDLE_IDENTIFIER = com.omisego.OMGShopTests;
				PRODUCT_NAME = "$(TARGET_NAME)";
				SWIFT_VERSION = 4.0;
				TARGETED_DEVICE_FAMILY = "1,2";
				TEST_HOST = "$(BUILT_PRODUCTS_DIR)/OMGShop.app/OMGShop";
			};
			name = Debug;
		};
		031BB1481F9886790095468F /* Release */ = {
			isa = XCBuildConfiguration;
			baseConfigurationReference = A37D1380E180BBB8DCA459E0 /* Pods-OMGShopTests.release.xcconfig */;
			buildSettings = {
				ALWAYS_EMBED_SWIFT_STANDARD_LIBRARIES = YES;
				BUNDLE_LOADER = "$(TEST_HOST)";
				CODE_SIGN_STYLE = Automatic;
				DEVELOPMENT_TEAM = 8274NNDSD5;
				INFOPLIST_FILE = OMGShopTests/Info.plist;
				LD_RUNPATH_SEARCH_PATHS = "$(inherited) @executable_path/Frameworks @loader_path/Frameworks";
				PRODUCT_BUNDLE_IDENTIFIER = com.omisego.OMGShopTests;
				PRODUCT_NAME = "$(TARGET_NAME)";
				SWIFT_VERSION = 4.0;
				TARGETED_DEVICE_FAMILY = "1,2";
				TEST_HOST = "$(BUILT_PRODUCTS_DIR)/OMGShop.app/OMGShop";
			};
			name = Release;
		};
		031BB14A1F9886790095468F /* Debug */ = {
			isa = XCBuildConfiguration;
			baseConfigurationReference = A6AFBBF013772C360933222F /* Pods-OMGShopUITests.debug.xcconfig */;
			buildSettings = {
				ALWAYS_EMBED_SWIFT_STANDARD_LIBRARIES = YES;
				CODE_SIGN_STYLE = Automatic;
				DEVELOPMENT_TEAM = 8274NNDSD5;
				INFOPLIST_FILE = OMGShopUITests/Info.plist;
				LD_RUNPATH_SEARCH_PATHS = "$(inherited) @executable_path/Frameworks @loader_path/Frameworks";
				PRODUCT_BUNDLE_IDENTIFIER = com.omisego.OMGShopUITests;
				PRODUCT_NAME = "$(TARGET_NAME)";
				SWIFT_VERSION = 4.0;
				TARGETED_DEVICE_FAMILY = "1,2";
				TEST_TARGET_NAME = OMGShop;
			};
			name = Debug;
		};
		031BB14B1F9886790095468F /* Release */ = {
			isa = XCBuildConfiguration;
			baseConfigurationReference = E3A0DC706CA91D2513CEC8A2 /* Pods-OMGShopUITests.release.xcconfig */;
			buildSettings = {
				ALWAYS_EMBED_SWIFT_STANDARD_LIBRARIES = YES;
				CODE_SIGN_STYLE = Automatic;
				DEVELOPMENT_TEAM = 8274NNDSD5;
				INFOPLIST_FILE = OMGShopUITests/Info.plist;
				LD_RUNPATH_SEARCH_PATHS = "$(inherited) @executable_path/Frameworks @loader_path/Frameworks";
				PRODUCT_BUNDLE_IDENTIFIER = com.omisego.OMGShopUITests;
				PRODUCT_NAME = "$(TARGET_NAME)";
				SWIFT_VERSION = 4.0;
				TARGETED_DEVICE_FAMILY = "1,2";
				TEST_TARGET_NAME = OMGShop;
			};
			name = Release;
		};
/* End XCBuildConfiguration section */

/* Begin XCConfigurationList section */
		031BB1161F9886780095468F /* Build configuration list for PBXProject "OMGShop" */ = {
			isa = XCConfigurationList;
			buildConfigurations = (
				031BB1411F9886790095468F /* Debug */,
				031BB1421F9886790095468F /* Release */,
			);
			defaultConfigurationIsVisible = 0;
			defaultConfigurationName = Release;
		};
		031BB1431F9886790095468F /* Build configuration list for PBXNativeTarget "OMGShop" */ = {
			isa = XCConfigurationList;
			buildConfigurations = (
				031BB1441F9886790095468F /* Debug */,
				031BB1451F9886790095468F /* Release */,
			);
			defaultConfigurationIsVisible = 0;
			defaultConfigurationName = Release;
		};
		031BB1461F9886790095468F /* Build configuration list for PBXNativeTarget "OMGShopTests" */ = {
			isa = XCConfigurationList;
			buildConfigurations = (
				031BB1471F9886790095468F /* Debug */,
				031BB1481F9886790095468F /* Release */,
			);
			defaultConfigurationIsVisible = 0;
			defaultConfigurationName = Release;
		};
		031BB1491F9886790095468F /* Build configuration list for PBXNativeTarget "OMGShopUITests" */ = {
			isa = XCConfigurationList;
			buildConfigurations = (
				031BB14A1F9886790095468F /* Debug */,
				031BB14B1F9886790095468F /* Release */,
			);
			defaultConfigurationIsVisible = 0;
			defaultConfigurationName = Release;
		};
/* End XCConfigurationList section */
	};
	rootObject = 031BB1131F9886780095468F /* Project object */;
}
